
Microsoft Visual Studio Solution File, Format Version 12.00
# Visual Studio Version 17
VisualStudioVersion = 17.7.34202.233
MinimumVisualStudioVersion = 10.0.40219.1
Project("{FAE04EC0-301F-11D3-BF4B-00C04F79EFBC}") = "27.Class Exercises", "27.Class Exercises.csproj", "{244B37A4-6802-4ED1-BF35-627848456F40}"
EndProject
Global
	GlobalSection(SolutionConfigurationPlatforms) = preSolution
		Debug|Any CPU = Debug|Any CPU
		Release|Any CPU = Release|Any CPU
	EndGlobalSection
	GlobalSection(ProjectConfigurationPlatforms) = postSolution
		{244B37A4-6802-4ED1-BF35-627848456F40}.Debug|Any CPU.ActiveCfg = Debug|Any CPU
		{244B37A4-6802-4ED1-BF35-627848456F40}.Debug|Any CPU.Build.0 = Debug|Any CPU
		{244B37A4-6802-4ED1-BF35-627848456F40}.Release|Any CPU.ActiveCfg = Release|Any CPU
		{244B37A4-6802-4ED1-BF35-627848456F40}.Release|Any CPU.Build.0 = Release|Any CPU
	EndGlobalSection
	GlobalSection(SolutionProperties) = preSolution
		HideSolutionNode = FALSE
	EndGlobalSection
	GlobalSection(ExtensibilityGlobals) = postSolution
		SolutionGuid = {BB2DC2CF-CFC7-4426-838E-DA579F33C16D}
	EndGlobalSection
EndGlobal
